
Microsoft Visual Studio Solution File, Format Version 12.00
# Visual Studio Version 17
VisualStudioVersion = 17.0.31903.59
MinimumVisualStudioVersion = 10.0.40219.1
Project("{FAE04EC0-301F-11D3-BF4B-00C04F79EFBC}") = "AzureQueueAgentLib", "src\AzureQueueAgentLib\AzureQueueAgentLib.csproj", "{3EBFBF56-6448-418F-8AEE-330DFB2B1138}"
EndProject
Project("{FAE04EC0-301F-11D3-BF4B-00C04F79EFBC}") = "AzureQueueAgentLib.Tests", "src\AzureQueueAgentLib.Tests\AzureQueueAgentLib.Tests.csproj", "{AA5B50EA-6F45-4ADF-B3D2-412FABBE8A17}"
EndProject
Global
	GlobalSection(SolutionConfigurationPlatforms) = preSolution
		Debug|Any CPU = Debug|Any CPU
		Release|Any CPU = Release|Any CPU
	EndGlobalSection
	GlobalSection(SolutionProperties) = preSolution
		HideSolutionNode = FALSE
	EndGlobalSection
	GlobalSection(ProjectConfigurationPlatforms) = postSolution
		{3EBFBF56-6448-418F-8AEE-330DFB2B1138}.Debug|Any CPU.ActiveCfg = Debug|Any CPU
		{3EBFBF56-6448-418F-8AEE-330DFB2B1138}.Debug|Any CPU.Build.0 = Debug|Any CPU
		{3EBFBF56-6448-418F-8AEE-330DFB2B1138}.Release|Any CPU.ActiveCfg = Release|Any CPU
		{3EBFBF56-6448-418F-8AEE-330DFB2B1138}.Release|Any CPU.Build.0 = Release|Any CPU
		{AA5B50EA-6F45-4ADF-B3D2-412FABBE8A17}.Debug|Any CPU.ActiveCfg = Debug|Any CPU
		{AA5B50EA-6F45-4ADF-B3D2-412FABBE8A17}.Debug|Any CPU.Build.0 = Debug|Any CPU
		{AA5B50EA-6F45-4ADF-B3D2-412FABBE8A17}.Release|Any CPU.ActiveCfg = Release|Any CPU
		{AA5B50EA-6F45-4ADF-B3D2-412FABBE8A17}.Release|Any CPU.Build.0 = Release|Any CPU
	EndGlobalSection
EndGlobal
