
Microsoft Visual Studio Solution File, Format Version 12.00
# Visual Studio 2013
VisualStudioVersion = 12.0.40629.0
MinimumVisualStudioVersion = 10.0.40219.1
Project("{FAE04EC0-301F-11D3-BF4B-00C04F79EFBC}") = "AzureQueueAgentLib", "AzureQueueAgentLib\AzureQueueAgentLib.csproj", "{B76C5B10-045E-4C85-B2B5-12F25C9F4FF2}"
EndProject
Project("{FAE04EC0-301F-11D3-BF4B-00C04F79EFBC}") = "AzureQueueAgentLib.Tests", "AzureQueueAgentLib.Tests\AzureQueueAgentLib.Tests.csproj", "{F395B07B-9EC3-4356-BF7D-7AF88E7F5D52}"
EndProject
Global
	GlobalSection(SolutionConfigurationPlatforms) = preSolution
		Debug|Any CPU = Debug|Any CPU
		Release|Any CPU = Release|Any CPU
	EndGlobalSection
	GlobalSection(ProjectConfigurationPlatforms) = postSolution
		{B76C5B10-045E-4C85-B2B5-12F25C9F4FF2}.Debug|Any CPU.ActiveCfg = Debug|Any CPU
		{B76C5B10-045E-4C85-B2B5-12F25C9F4FF2}.Debug|Any CPU.Build.0 = Debug|Any CPU
		{B76C5B10-045E-4C85-B2B5-12F25C9F4FF2}.Release|Any CPU.ActiveCfg = Release|Any CPU
		{B76C5B10-045E-4C85-B2B5-12F25C9F4FF2}.Release|Any CPU.Build.0 = Release|Any CPU
		{F395B07B-9EC3-4356-BF7D-7AF88E7F5D52}.Debug|Any CPU.ActiveCfg = Debug|Any CPU
		{F395B07B-9EC3-4356-BF7D-7AF88E7F5D52}.Debug|Any CPU.Build.0 = Debug|Any CPU
		{F395B07B-9EC3-4356-BF7D-7AF88E7F5D52}.Release|Any CPU.ActiveCfg = Release|Any CPU
		{F395B07B-9EC3-4356-BF7D-7AF88E7F5D52}.Release|Any CPU.Build.0 = Release|Any CPU
	EndGlobalSection
	GlobalSection(SolutionProperties) = preSolution
		HideSolutionNode = FALSE
	EndGlobalSection
EndGlobal
